version = 1
revision = 2
requires-python = ">=3.13"

[[package]]
name = "annotated-types"
version = "0.7.0"
source = { registry = "https://pypi.org/simple" }
sdist = { url = "https://files.pythonhosted.org/packages/ee/67/531ea369ba64dcff5ec9c3402f9f51bf748cec26dde048a2f973a4eea7f5/annotated_types-0.7.0.tar.gz", hash = "sha256:aff07c09a53a08bc8cfccb9c85b05f1aa9a2a6f23728d790723543408344ce89", size = 16081, upload-time = "2024-05-20T21:33:25.928Z" }
wheels = [
    { url = "https://files.pythonhosted.org/packages/78/b6/6307fbef88d9b5ee7421e68d78a9f162e0da4900bc5f5793f6d3d0e34fb8/annotated_types-0.7.0-py3-none-any.whl", hash = "sha256:1f02e8b43a8fbbc3f3e0d4f0f4bfc8131bcb4eebe8849b8e5c773f3a1c582a53", size = 13643, upload-time = "2024-05-20T21:33:24.1Z" },
]

[[package]]
name = "cfgv"
version = "3.4.0"
source = { registry = "https://pypi.org/simple" }
sdist = { url = "https://files.pythonhosted.org/packages/11/74/539e56497d9bd1d484fd863dd69cbbfa653cd2aa27abfe35653494d85e94/cfgv-3.4.0.tar.gz", hash = "sha256:e52591d4c5f5dead8e0f673fb16db7949d2cfb3f7da4582893288f0ded8fe560", size = 7114, upload-time = "2023-08-12T20:38:17.776Z" }
wheels = [
    { url = "https://files.pythonhosted.org/packages/c5/55/51844dd50c4fc7a33b653bfaba4c2456f06955289ca770a5dbd5fd267374/cfgv-3.4.0-py2.py3-none-any.whl", hash = "sha256:b7265b1f29fd3316bfcd2b330d63d024f2bfd8bcb8b0272f8e19a504856c48f9", size = 7249, upload-time = "2023-08-12T20:38:16.269Z" },
]

[[package]]
name = "colorama"
version = "0.4.6"
source = { registry = "https://pypi.org/simple" }
sdist = { url = "https://files.pythonhosted.org/packages/d8/53/6f443c9a4a8358a93a6792e2acffb9d9d5cb0a5cfd8802644b7b1c9a02e4/colorama-0.4.6.tar.gz", hash = "sha256:08695f5cb7ed6e0531a20572697297273c47b8cae5a63ffc6d6ed5c201be6e44", size = 27697, upload-time = "2022-10-25T02:36:22.414Z" }
wheels = [
    { url = "https://files.pythonhosted.org/packages/d1/d6/3965ed04c63042e047cb6a3e6ed1a63a35087b6a609aa3a15ed8ac56c221/colorama-0.4.6-py2.py3-none-any.whl", hash = "sha256:4f1d9991f5acc0ca119f9d443620b77f9d6b33703e51011c16baf57afb285fc6", size = 25335, upload-time = "2022-10-25T02:36:20.889Z" },
]

[[package]]
name = "distlib"
version = "0.3.9"
source = { registry = "https://pypi.org/simple" }
sdist = { url = "https://files.pythonhosted.org/packages/0d/dd/1bec4c5ddb504ca60fc29472f3d27e8d4da1257a854e1d96742f15c1d02d/distlib-0.3.9.tar.gz", hash = "sha256:a60f20dea646b8a33f3e7772f74dc0b2d0772d2837ee1342a00645c81edf9403", size = 613923, upload-time = "2024-10-09T18:35:47.551Z" }
wheels = [
    { url = "https://files.pythonhosted.org/packages/91/a1/cf2472db20f7ce4a6be1253a81cfdf85ad9c7885ffbed7047fb72c24cf87/distlib-0.3.9-py2.py3-none-any.whl", hash = "sha256:47f8c22fd27c27e25a65601af709b38e4f0a45ea4fc2e710f65755fa8caaaf87", size = 468973, upload-time = "2024-10-09T18:35:44.272Z" },
]

[[package]]
name = "ed318-pydantic"
version = "0.2.1"
source = { editable = "." }
dependencies = [
    { name = "geojson-pydantic" },
    { name = "pydantic" },
]

[package.dev-dependencies]
dev = [
    { name = "pre-commit" },
    { name = "pytest" },
    { name = "ruff" },
    { name = "ty" },
]

[package.metadata]
requires-dist = [
    { name = "geojson-pydantic", specifier = ">=1.2.0" },
    { name = "pydantic", specifier = ">=2.10.6" },
]

[package.metadata.requires-dev]
dev = [
    { name = "pre-commit", specifier = ">=4.2.0" },
    { name = "pytest", specifier = ">=8.3.5" },
    { name = "ruff", specifier = ">=0.11.0" },
    { name = "ty", specifier = ">=0.0.1a15" },
]

[[package]]
name = "filelock"
version = "3.18.0"
source = { registry = "https://pypi.org/simple" }
sdist = { url = "https://files.pythonhosted.org/packages/0a/10/c23352565a6544bdc5353e0b15fc1c563352101f30e24bf500207a54df9a/filelock-3.18.0.tar.gz", hash = "sha256:adbc88eabb99d2fec8c9c1b229b171f18afa655400173ddc653d5d01501fb9f2", size = 18075, upload-time = "2025-03-14T07:11:40.47Z" }
wheels = [
    { url = "https://files.pythonhosted.org/packages/4d/36/2a115987e2d8c300a974597416d9de88f2444426de9571f4b59b2cca3acc/filelock-3.18.0-py3-none-any.whl", hash = "sha256:c401f4f8377c4464e6db25fff06205fd89bdd83b65eb0488ed1b160f780e21de", size = 16215, upload-time = "2025-03-14T07:11:39.145Z" },
]

[[package]]
name = "geojson-pydantic"
version = "1.2.0"
source = { registry = "https://pypi.org/simple" }
dependencies = [
    { name = "pydantic" },
]
sdist = { url = "https://files.pythonhosted.org/packages/8e/45/2aefc48622a54a050e0ba9a312e96e65ca77a277e2da1484460714afa0e5/geojson_pydantic-1.2.0.tar.gz", hash = "sha256:eb5c61d3106a28bc71c936ef4cb44f36025db314059217063fee87d82e50cc81", size = 9231, upload-time = "2024-12-19T19:33:23.903Z" }
wheels = [
    { url = "https://files.pythonhosted.org/packages/46/1d/302eada860ab11524af66c90943de586846f112581ababf104c69ceb6747/geojson_pydantic-1.2.0-py3-none-any.whl", hash = "sha256:30f469d05f7f73dcac5f995579209d1ae74a148c0724018fa9492675e05eebf6", size = 8743, upload-time = "2024-12-19T19:33:21.787Z" },
]

[[package]]
name = "identify"
version = "2.6.9"
source = { registry = "https://pypi.org/simple" }
sdist = { url = "https://files.pythonhosted.org/packages/9b/98/a71ab060daec766acc30fb47dfca219d03de34a70d616a79a38c6066c5bf/identify-2.6.9.tar.gz", hash = "sha256:d40dfe3142a1421d8518e3d3985ef5ac42890683e32306ad614a29490abeb6bf", size = 99249, upload-time = "2025-03-08T15:54:13.632Z" }
wheels = [
    { url = "https://files.pythonhosted.org/packages/07/ce/0845144ed1f0e25db5e7a79c2354c1da4b5ce392b8966449d5db8dca18f1/identify-2.6.9-py2.py3-none-any.whl", hash = "sha256:c98b4322da415a8e5a70ff6e51fbc2d2932c015532d77e9f8537b4ba7813b150", size = 99101, upload-time = "2025-03-08T15:54:12.026Z" },
]

[[package]]
name = "iniconfig"
version = "2.0.0"
source = { registry = "https://pypi.org/simple" }
sdist = { url = "https://files.pythonhosted.org/packages/d7/4b/cbd8e699e64a6f16ca3a8220661b5f83792b3017d0f79807cb8708d33913/iniconfig-2.0.0.tar.gz", hash = "sha256:2d91e135bf72d31a410b17c16da610a82cb55f6b0477d1a902134b24a455b8b3", size = 4646, upload-time = "2023-01-07T11:08:11.254Z" }
wheels = [
    { url = "https://files.pythonhosted.org/packages/ef/a6/62565a6e1cf69e10f5727360368e451d4b7f58beeac6173dc9db836a5b46/iniconfig-2.0.0-py3-none-any.whl", hash = "sha256:b6a85871a79d2e3b22d2d1b94ac2824226a63c6b741c88f7ae975f18b6778374", size = 5892, upload-time = "2023-01-07T11:08:09.864Z" },
]

[[package]]
name = "nodeenv"
version = "1.9.1"
source = { registry = "https://pypi.org/simple" }
sdist = { url = "https://files.pythonhosted.org/packages/43/16/fc88b08840de0e0a72a2f9d8c6bae36be573e475a6326ae854bcc549fc45/nodeenv-1.9.1.tar.gz", hash = "sha256:6ec12890a2dab7946721edbfbcd91f3319c6ccc9aec47be7c7e6b7011ee6645f", size = 47437, upload-time = "2024-06-04T18:44:11.171Z" }
wheels = [
    { url = "https://files.pythonhosted.org/packages/d2/1d/1b658dbd2b9fa9c4c9f32accbfc0205d532c8c6194dc0f2a4c0428e7128a/nodeenv-1.9.1-py2.py3-none-any.whl", hash = "sha256:ba11c9782d29c27c70ffbdda2d7415098754709be8a7056d79a737cd901155c9", size = 22314, upload-time = "2024-06-04T18:44:08.352Z" },
]

[[package]]
name = "packaging"
version = "24.2"
source = { registry = "https://pypi.org/simple" }
sdist = { url = "https://files.pythonhosted.org/packages/d0/63/68dbb6eb2de9cb10ee4c9c14a0148804425e13c4fb20d61cce69f53106da/packaging-24.2.tar.gz", hash = "sha256:c228a6dc5e932d346bc5739379109d49e8853dd8223571c7c5b55260edc0b97f", size = 163950, upload-time = "2024-11-08T09:47:47.202Z" }
wheels = [
    { url = "https://files.pythonhosted.org/packages/88/ef/eb23f262cca3c0c4eb7ab1933c3b1f03d021f2c48f54763065b6f0e321be/packaging-24.2-py3-none-any.whl", hash = "sha256:09abb1bccd265c01f4a3aa3f7a7db064b36514d2cba19a2f694fe6150451a759", size = 65451, upload-time = "2024-11-08T09:47:44.722Z" },
]

[[package]]
name = "platformdirs"
version = "4.3.7"
source = { registry = "https://pypi.org/simple" }
sdist = { url = "https://files.pythonhosted.org/packages/b6/2d/7d512a3913d60623e7eb945c6d1b4f0bddf1d0b7ada5225274c87e5b53d1/platformdirs-4.3.7.tar.gz", hash = "sha256:eb437d586b6a0986388f0d6f74aa0cde27b48d0e3d66843640bfb6bdcdb6e351", size = 21291, upload-time = "2025-03-19T20:36:10.989Z" }
wheels = [
    { url = "https://files.pythonhosted.org/packages/6d/45/59578566b3275b8fd9157885918fcd0c4d74162928a5310926887b856a51/platformdirs-4.3.7-py3-none-any.whl", hash = "sha256:a03875334331946f13c549dbd8f4bac7a13a50a895a0eb1e8c6a8ace80d40a94", size = 18499, upload-time = "2025-03-19T20:36:09.038Z" },
]

[[package]]
name = "pluggy"
version = "1.5.0"
source = { registry = "https://pypi.org/simple" }
sdist = { url = "https://files.pythonhosted.org/packages/96/2d/02d4312c973c6050a18b314a5ad0b3210edb65a906f868e31c111dede4a6/pluggy-1.5.0.tar.gz", hash = "sha256:2cffa88e94fdc978c4c574f15f9e59b7f4201d439195c3715ca9e2486f1d0cf1", size = 67955, upload-time = "2024-04-20T21:34:42.531Z" }
wheels = [
    { url = "https://files.pythonhosted.org/packages/88/5f/e351af9a41f866ac3f1fac4ca0613908d9a41741cfcf2228f4ad853b697d/pluggy-1.5.0-py3-none-any.whl", hash = "sha256:44e1ad92c8ca002de6377e165f3e0f1be63266ab4d554740532335b9d75ea669", size = 20556, upload-time = "2024-04-20T21:34:40.434Z" },
]

[[package]]
name = "pre-commit"
version = "4.2.0"
source = { registry = "https://pypi.org/simple" }
dependencies = [
    { name = "cfgv" },
    { name = "identify" },
    { name = "nodeenv" },
    { name = "pyyaml" },
    { name = "virtualenv" },
]
sdist = { url = "https://files.pythonhosted.org/packages/08/39/679ca9b26c7bb2999ff122d50faa301e49af82ca9c066ec061cfbc0c6784/pre_commit-4.2.0.tar.gz", hash = "sha256:601283b9757afd87d40c4c4a9b2b5de9637a8ea02eaff7adc2d0fb4e04841146", size = 193424, upload-time = "2025-03-18T21:35:20.987Z" }
wheels = [
    { url = "https://files.pythonhosted.org/packages/88/74/a88bf1b1efeae488a0c0b7bdf71429c313722d1fc0f377537fbe554e6180/pre_commit-4.2.0-py2.py3-none-any.whl", hash = "sha256:a009ca7205f1eb497d10b845e52c838a98b6cdd2102a6c8e4540e94ee75c58bd", size = 220707, upload-time = "2025-03-18T21:35:19.343Z" },
]

[[package]]
name = "pydantic"
version = "2.10.6"
source = { registry = "https://pypi.org/simple" }
dependencies = [
    { name = "annotated-types" },
    { name = "pydantic-core" },
    { name = "typing-extensions" },
]
sdist = { url = "https://files.pythonhosted.org/packages/b7/ae/d5220c5c52b158b1de7ca89fc5edb72f304a70a4c540c84c8844bf4008de/pydantic-2.10.6.tar.gz", hash = "sha256:ca5daa827cce33de7a42be142548b0096bf05a7e7b365aebfa5f8eeec7128236", size = 761681, upload-time = "2025-01-24T01:42:12.693Z" }
wheels = [
    { url = "https://files.pythonhosted.org/packages/f4/3c/8cc1cc84deffa6e25d2d0c688ebb80635dfdbf1dbea3e30c541c8cf4d860/pydantic-2.10.6-py3-none-any.whl", hash = "sha256:427d664bf0b8a2b34ff5dd0f5a18df00591adcee7198fbd71981054cef37b584", size = 431696, upload-time = "2025-01-24T01:42:10.371Z" },
]

[[package]]
name = "pydantic-core"
version = "2.27.2"
source = { registry = "https://pypi.org/simple" }
dependencies = [
    { name = "typing-extensions" },
]
sdist = { url = "https://files.pythonhosted.org/packages/fc/01/f3e5ac5e7c25833db5eb555f7b7ab24cd6f8c322d3a3ad2d67a952dc0abc/pydantic_core-2.27.2.tar.gz", hash = "sha256:eb026e5a4c1fee05726072337ff51d1efb6f59090b7da90d30ea58625b1ffb39", size = 413443, upload-time = "2024-12-18T11:31:54.917Z" }
wheels = [
    { url = "https://files.pythonhosted.org/packages/41/b1/9bc383f48f8002f99104e3acff6cba1231b29ef76cfa45d1506a5cad1f84/pydantic_core-2.27.2-cp313-cp313-macosx_10_12_x86_64.whl", hash = "sha256:7d14bd329640e63852364c306f4d23eb744e0f8193148d4044dd3dacdaacbd8b", size = 1892709, upload-time = "2024-12-18T11:29:03.193Z" },
    { url = "https://files.pythonhosted.org/packages/10/6c/e62b8657b834f3eb2961b49ec8e301eb99946245e70bf42c8817350cbefc/pydantic_core-2.27.2-cp313-cp313-macosx_11_0_arm64.whl", hash = "sha256:82f91663004eb8ed30ff478d77c4d1179b3563df6cdb15c0817cd1cdaf34d154", size = 1811273, upload-time = "2024-12-18T11:29:05.306Z" },
    { url = "https://files.pythonhosted.org/packages/ba/15/52cfe49c8c986e081b863b102d6b859d9defc63446b642ccbbb3742bf371/pydantic_core-2.27.2-cp313-cp313-manylinux_2_17_aarch64.manylinux2014_aarch64.whl", hash = "sha256:71b24c7d61131bb83df10cc7e687433609963a944ccf45190cfc21e0887b08c9", size = 1823027, upload-time = "2024-12-18T11:29:07.294Z" },
    { url = "https://files.pythonhosted.org/packages/b1/1c/b6f402cfc18ec0024120602bdbcebc7bdd5b856528c013bd4d13865ca473/pydantic_core-2.27.2-cp313-cp313-manylinux_2_17_armv7l.manylinux2014_armv7l.whl", hash = "sha256:fa8e459d4954f608fa26116118bb67f56b93b209c39b008277ace29937453dc9", size = 1868888, upload-time = "2024-12-18T11:29:09.249Z" },
    { url = "https://files.pythonhosted.org/packages/bd/7b/8cb75b66ac37bc2975a3b7de99f3c6f355fcc4d89820b61dffa8f1e81677/pydantic_core-2.27.2-cp313-cp313-manylinux_2_17_ppc64le.manylinux2014_ppc64le.whl", hash = "sha256:ce8918cbebc8da707ba805b7fd0b382816858728ae7fe19a942080c24e5b7cd1", size = 2037738, upload-time = "2024-12-18T11:29:11.23Z" },
    { url = "https://files.pythonhosted.org/packages/c8/f1/786d8fe78970a06f61df22cba58e365ce304bf9b9f46cc71c8c424e0c334/pydantic_core-2.27.2-cp313-cp313-manylinux_2_17_s390x.manylinux2014_s390x.whl", hash = "sha256:eda3f5c2a021bbc5d976107bb302e0131351c2ba54343f8a496dc8783d3d3a6a", size = 2685138, upload-time = "2024-12-18T11:29:16.396Z" },
    { url = "https://files.pythonhosted.org/packages/a6/74/d12b2cd841d8724dc8ffb13fc5cef86566a53ed358103150209ecd5d1999/pydantic_core-2.27.2-cp313-cp313-manylinux_2_17_x86_64.manylinux2014_x86_64.whl", hash = "sha256:bd8086fa684c4775c27f03f062cbb9eaa6e17f064307e86b21b9e0abc9c0f02e", size = 1997025, upload-time = "2024-12-18T11:29:20.25Z" },
    { url = "https://files.pythonhosted.org/packages/a0/6e/940bcd631bc4d9a06c9539b51f070b66e8f370ed0933f392db6ff350d873/pydantic_core-2.27.2-cp313-cp313-manylinux_2_5_i686.manylinux1_i686.whl", hash = "sha256:8d9b3388db186ba0c099a6d20f0604a44eabdeef1777ddd94786cdae158729e4", size = 2004633, upload-time = "2024-12-18T11:29:23.877Z" },
    { url = "https://files.pythonhosted.org/packages/50/cc/a46b34f1708d82498c227d5d80ce615b2dd502ddcfd8376fc14a36655af1/pydantic_core-2.27.2-cp313-cp313-musllinux_1_1_aarch64.whl", hash = "sha256:7a66efda2387de898c8f38c0cf7f14fca0b51a8ef0b24bfea5849f1b3c95af27", size = 1999404, upload-time = "2024-12-18T11:29:25.872Z" },
    { url = "https://files.pythonhosted.org/packages/ca/2d/c365cfa930ed23bc58c41463bae347d1005537dc8db79e998af8ba28d35e/pydantic_core-2.27.2-cp313-cp313-musllinux_1_1_armv7l.whl", hash = "sha256:18a101c168e4e092ab40dbc2503bdc0f62010e95d292b27827871dc85450d7ee", size = 2130130, upload-time = "2024-12-18T11:29:29.252Z" },
    { url = "https://files.pythonhosted.org/packages/f4/d7/eb64d015c350b7cdb371145b54d96c919d4db516817f31cd1c650cae3b21/pydantic_core-2.27.2-cp313-cp313-musllinux_1_1_x86_64.whl", hash = "sha256:ba5dd002f88b78a4215ed2f8ddbdf85e8513382820ba15ad5ad8955ce0ca19a1", size = 2157946, upload-time = "2024-12-18T11:29:31.338Z" },
    { url = "https://files.pythonhosted.org/packages/a4/99/bddde3ddde76c03b65dfd5a66ab436c4e58ffc42927d4ff1198ffbf96f5f/pydantic_core-2.27.2-cp313-cp313-win32.whl", hash = "sha256:1ebaf1d0481914d004a573394f4be3a7616334be70261007e47c2a6fe7e50130", size = 1834387, upload-time = "2024-12-18T11:29:33.481Z" },
    { url = "https://files.pythonhosted.org/packages/71/47/82b5e846e01b26ac6f1893d3c5f9f3a2eb6ba79be26eef0b759b4fe72946/pydantic_core-2.27.2-cp313-cp313-win_amd64.whl", hash = "sha256:953101387ecf2f5652883208769a79e48db18c6df442568a0b5ccd8c2723abee", size = 1990453, upload-time = "2024-12-18T11:29:35.533Z" },
    { url = "https://files.pythonhosted.org/packages/51/b2/b2b50d5ecf21acf870190ae5d093602d95f66c9c31f9d5de6062eb329ad1/pydantic_core-2.27.2-cp313-cp313-win_arm64.whl", hash = "sha256:ac4dbfd1691affb8f48c2c13241a2e3b60ff23247cbcf981759c768b6633cf8b", size = 1885186, upload-time = "2024-12-18T11:29:37.649Z" },
]

[[package]]
name = "pytest"
version = "8.3.5"
source = { registry = "https://pypi.org/simple" }
dependencies = [
    { name = "colorama", marker = "sys_platform == 'win32'" },
    { name = "iniconfig" },
    { name = "packaging" },
    { name = "pluggy" },
]
sdist = { url = "https://files.pythonhosted.org/packages/ae/3c/c9d525a414d506893f0cd8a8d0de7706446213181570cdbd766691164e40/pytest-8.3.5.tar.gz", hash = "sha256:f4efe70cc14e511565ac476b57c279e12a855b11f48f212af1080ef2263d3845", size = 1450891, upload-time = "2025-03-02T12:54:54.503Z" }
wheels = [
    { url = "https://files.pythonhosted.org/packages/30/3d/64ad57c803f1fa1e963a7946b6e0fea4a70df53c1a7fed304586539c2bac/pytest-8.3.5-py3-none-any.whl", hash = "sha256:c69214aa47deac29fad6c2a4f590b9c4a9fdb16a403176fe154b79c0b4d4d820", size = 343634, upload-time = "2025-03-02T12:54:52.069Z" },
]

[[package]]
name = "pyyaml"
version = "6.0.2"
source = { registry = "https://pypi.org/simple" }
sdist = { url = "https://files.pythonhosted.org/packages/54/ed/79a089b6be93607fa5cdaedf301d7dfb23af5f25c398d5ead2525b063e17/pyyaml-6.0.2.tar.gz", hash = "sha256:d584d9ec91ad65861cc08d42e834324ef890a082e591037abe114850ff7bbc3e", size = 130631, upload-time = "2024-08-06T20:33:50.674Z" }
wheels = [
    { url = "https://files.pythonhosted.org/packages/ef/e3/3af305b830494fa85d95f6d95ef7fa73f2ee1cc8ef5b495c7c3269fb835f/PyYAML-6.0.2-cp313-cp313-macosx_10_13_x86_64.whl", hash = "sha256:efdca5630322a10774e8e98e1af481aad470dd62c3170801852d752aa7a783ba", size = 181309, upload-time = "2024-08-06T20:32:43.4Z" },
    { url = "https://files.pythonhosted.org/packages/45/9f/3b1c20a0b7a3200524eb0076cc027a970d320bd3a6592873c85c92a08731/PyYAML-6.0.2-cp313-cp313-macosx_11_0_arm64.whl", hash = "sha256:50187695423ffe49e2deacb8cd10510bc361faac997de9efef88badc3bb9e2d1", size = 171679, upload-time = "2024-08-06T20:32:44.801Z" },
    { url = "https://files.pythonhosted.org/packages/7c/9a/337322f27005c33bcb656c655fa78325b730324c78620e8328ae28b64d0c/PyYAML-6.0.2-cp313-cp313-manylinux_2_17_aarch64.manylinux2014_aarch64.whl", hash = "sha256:0ffe8360bab4910ef1b9e87fb812d8bc0a308b0d0eef8c8f44e0254ab3b07133", size = 733428, upload-time = "2024-08-06T20:32:46.432Z" },
    { url = "https://files.pythonhosted.org/packages/a3/69/864fbe19e6c18ea3cc196cbe5d392175b4cf3d5d0ac1403ec3f2d237ebb5/PyYAML-6.0.2-cp313-cp313-manylinux_2_17_s390x.manylinux2014_s390x.whl", hash = "sha256:17e311b6c678207928d649faa7cb0d7b4c26a0ba73d41e99c4fff6b6c3276484", size = 763361, upload-time = "2024-08-06T20:32:51.188Z" },
    { url = "https://files.pythonhosted.org/packages/04/24/b7721e4845c2f162d26f50521b825fb061bc0a5afcf9a386840f23ea19fa/PyYAML-6.0.2-cp313-cp313-manylinux_2_17_x86_64.manylinux2014_x86_64.whl", hash = "sha256:70b189594dbe54f75ab3a1acec5f1e3faa7e8cf2f1e08d9b561cb41b845f69d5", size = 759523, upload-time = "2024-08-06T20:32:53.019Z" },
    { url = "https://files.pythonhosted.org/packages/2b/b2/e3234f59ba06559c6ff63c4e10baea10e5e7df868092bf9ab40e5b9c56b6/PyYAML-6.0.2-cp313-cp313-musllinux_1_1_aarch64.whl", hash = "sha256:41e4e3953a79407c794916fa277a82531dd93aad34e29c2a514c2c0c5fe971cc", size = 726660, upload-time = "2024-08-06T20:32:54.708Z" },
    { url = "https://files.pythonhosted.org/packages/fe/0f/25911a9f080464c59fab9027482f822b86bf0608957a5fcc6eaac85aa515/PyYAML-6.0.2-cp313-cp313-musllinux_1_1_x86_64.whl", hash = "sha256:68ccc6023a3400877818152ad9a1033e3db8625d899c72eacb5a668902e4d652", size = 751597, upload-time = "2024-08-06T20:32:56.985Z" },
    { url = "https://files.pythonhosted.org/packages/14/0d/e2c3b43bbce3cf6bd97c840b46088a3031085179e596d4929729d8d68270/PyYAML-6.0.2-cp313-cp313-win32.whl", hash = "sha256:bc2fa7c6b47d6bc618dd7fb02ef6fdedb1090ec036abab80d4681424b84c1183", size = 140527, upload-time = "2024-08-06T20:33:03.001Z" },
    { url = "https://files.pythonhosted.org/packages/fa/de/02b54f42487e3d3c6efb3f89428677074ca7bf43aae402517bc7cca949f3/PyYAML-6.0.2-cp313-cp313-win_amd64.whl", hash = "sha256:8388ee1976c416731879ac16da0aff3f63b286ffdd57cdeb95f3f2e085687563", size = 156446, upload-time = "2024-08-06T20:33:04.33Z" },
]

[[package]]
name = "ruff"
version = "0.11.0"
source = { registry = "https://pypi.org/simple" }
sdist = { url = "https://files.pythonhosted.org/packages/77/2b/7ca27e854d92df5e681e6527dc0f9254c9dc06c8408317893cf96c851cdd/ruff-0.11.0.tar.gz", hash = "sha256:e55c620690a4a7ee6f1cccb256ec2157dc597d109400ae75bbf944fc9d6462e2", size = 3799407, upload-time = "2025-03-14T13:52:36.539Z" }
wheels = [
    { url = "https://files.pythonhosted.org/packages/48/40/3d0340a9e5edc77d37852c0cd98c5985a5a8081fc3befaeb2ae90aaafd2b/ruff-0.11.0-py3-none-linux_armv6l.whl", hash = "sha256:dc67e32bc3b29557513eb7eeabb23efdb25753684b913bebb8a0c62495095acb", size = 10098158, upload-time = "2025-03-14T13:51:55.69Z" },
    { url = "https://files.pythonhosted.org/packages/ec/a9/d8f5abb3b87b973b007649ac7bf63665a05b2ae2b2af39217b09f52abbbf/ruff-0.11.0-py3-none-macosx_10_12_x86_64.whl", hash = "sha256:38c23fd9bdec4eb437b4c1e3595905a0a8edfccd63a790f818b28c78fe345639", size = 10879071, upload-time = "2025-03-14T13:51:58.989Z" },
    { url = "https://files.pythonhosted.org/packages/ab/62/aaa198614c6211677913ec480415c5e6509586d7b796356cec73a2f8a3e6/ruff-0.11.0-py3-none-macosx_11_0_arm64.whl", hash = "sha256:7c8661b0be91a38bd56db593e9331beaf9064a79028adee2d5f392674bbc5e88", size = 10247944, upload-time = "2025-03-14T13:52:02.318Z" },
    { url = "https://files.pythonhosted.org/packages/9f/52/59e0a9f2cf1ce5e6cbe336b6dd0144725c8ea3b97cac60688f4e7880bf13/ruff-0.11.0-py3-none-manylinux_2_17_aarch64.manylinux2014_aarch64.whl", hash = "sha256:b6c0e8d3d2db7e9f6efd884f44b8dc542d5b6b590fc4bb334fdbc624d93a29a2", size = 10421725, upload-time = "2025-03-14T13:52:04.303Z" },
    { url = "https://files.pythonhosted.org/packages/a6/c3/dcd71acc6dff72ce66d13f4be5bca1dbed4db678dff2f0f6f307b04e5c02/ruff-0.11.0-py3-none-manylinux_2_17_armv7l.manylinux2014_armv7l.whl", hash = "sha256:3c3156d3f4b42e57247275a0a7e15a851c165a4fc89c5e8fa30ea6da4f7407b8", size = 9954435, upload-time = "2025-03-14T13:52:06.602Z" },
    { url = "https://files.pythonhosted.org/packages/a6/9a/342d336c7c52dbd136dee97d4c7797e66c3f92df804f8f3b30da59b92e9c/ruff-0.11.0-py3-none-manylinux_2_17_i686.manylinux2014_i686.whl", hash = "sha256:490b1e147c1260545f6d041c4092483e3f6d8eba81dc2875eaebcf9140b53905", size = 11492664, upload-time = "2025-03-14T13:52:08.613Z" },
    { url = "https://files.pythonhosted.org/packages/84/35/6e7defd2d7ca95cc385ac1bd9f7f2e4a61b9cc35d60a263aebc8e590c462/ruff-0.11.0-py3-none-manylinux_2_17_ppc64.manylinux2014_ppc64.whl", hash = "sha256:1bc09a7419e09662983b1312f6fa5dab829d6ab5d11f18c3760be7ca521c9329", size = 12207856, upload-time = "2025-03-14T13:52:11.019Z" },
    { url = "https://files.pythonhosted.org/packages/22/78/da669c8731bacf40001c880ada6d31bcfb81f89cc996230c3b80d319993e/ruff-0.11.0-py3-none-manylinux_2_17_ppc64le.manylinux2014_ppc64le.whl", hash = "sha256:bcfa478daf61ac8002214eb2ca5f3e9365048506a9d52b11bea3ecea822bb844", size = 11645156, upload-time = "2025-03-14T13:52:13.383Z" },
    { url = "https://files.pythonhosted.org/packages/ee/47/e27d17d83530a208f4a9ab2e94f758574a04c51e492aa58f91a3ed7cbbcb/ruff-0.11.0-py3-none-manylinux_2_17_s390x.manylinux2014_s390x.whl", hash = "sha256:6fbb2aed66fe742a6a3a0075ed467a459b7cedc5ae01008340075909d819df1e", size = 13884167, upload-time = "2025-03-14T13:52:15.528Z" },
    { url = "https://files.pythonhosted.org/packages/9f/5e/42ffbb0a5d4b07bbc642b7d58357b4e19a0f4774275ca6ca7d1f7b5452cd/ruff-0.11.0-py3-none-manylinux_2_17_x86_64.manylinux2014_x86_64.whl", hash = "sha256:92c0c1ff014351c0b0cdfdb1e35fa83b780f1e065667167bb9502d47ca41e6db", size = 11348311, upload-time = "2025-03-14T13:52:18.088Z" },
    { url = "https://files.pythonhosted.org/packages/c8/51/dc3ce0c5ce1a586727a3444a32f98b83ba99599bb1ebca29d9302886e87f/ruff-0.11.0-py3-none-musllinux_1_2_aarch64.whl", hash = "sha256:e4fd5ff5de5f83e0458a138e8a869c7c5e907541aec32b707f57cf9a5e124445", size = 10305039, upload-time = "2025-03-14T13:52:20.476Z" },
    { url = "https://files.pythonhosted.org/packages/60/e0/475f0c2f26280f46f2d6d1df1ba96b3399e0234cf368cc4c88e6ad10dcd9/ruff-0.11.0-py3-none-musllinux_1_2_armv7l.whl", hash = "sha256:96bc89a5c5fd21a04939773f9e0e276308be0935de06845110f43fd5c2e4ead7", size = 9937939, upload-time = "2025-03-14T13:52:22.798Z" },
    { url = "https://files.pythonhosted.org/packages/e2/d3/3e61b7fd3e9cdd1e5b8c7ac188bec12975c824e51c5cd3d64caf81b0331e/ruff-0.11.0-py3-none-musllinux_1_2_i686.whl", hash = "sha256:a9352b9d767889ec5df1483f94870564e8102d4d7e99da52ebf564b882cdc2c7", size = 10923259, upload-time = "2025-03-14T13:52:24.89Z" },
    { url = "https://files.pythonhosted.org/packages/30/32/cd74149ebb40b62ddd14bd2d1842149aeb7f74191fb0f49bd45c76909ff2/ruff-0.11.0-py3-none-musllinux_1_2_x86_64.whl", hash = "sha256:049a191969a10897fe052ef9cc7491b3ef6de79acd7790af7d7897b7a9bfbcb6", size = 11406212, upload-time = "2025-03-14T13:52:27.493Z" },
    { url = "https://files.pythonhosted.org/packages/00/ef/033022a6b104be32e899b00de704d7c6d1723a54d4c9e09d147368f14b62/ruff-0.11.0-py3-none-win32.whl", hash = "sha256:3191e9116b6b5bbe187447656f0c8526f0d36b6fd89ad78ccaad6bdc2fad7df2", size = 10310905, upload-time = "2025-03-14T13:52:30.46Z" },
    { url = "https://files.pythonhosted.org/packages/ed/8a/163f2e78c37757d035bd56cd60c8d96312904ca4a6deeab8442d7b3cbf89/ruff-0.11.0-py3-none-win_amd64.whl", hash = "sha256:c58bfa00e740ca0a6c43d41fb004cd22d165302f360aaa56f7126d544db31a21", size = 11411730, upload-time = "2025-03-14T13:52:32.508Z" },
    { url = "https://files.pythonhosted.org/packages/4e/f7/096f6efabe69b49d7ca61052fc70289c05d8d35735c137ef5ba5ef423662/ruff-0.11.0-py3-none-win_arm64.whl", hash = "sha256:868364fc23f5aa122b00c6f794211e85f7e78f5dffdf7c590ab90b8c4e69b657", size = 10538956, upload-time = "2025-03-14T13:52:34.491Z" },
]

[[package]]
name = "ty"
version = "0.0.1a15"
source = { registry = "https://pypi.org/simple" }
sdist = { url = "https://files.pythonhosted.org/packages/28/ba/abedc672a4d706241106923595d68573e995f85aced13aa3ef2e6d5069cf/ty-0.0.1a15.tar.gz", hash = "sha256:b601eb50e981bd3fb857eb17b473cad3728dab67f53370b6790dfc342797eb20", size = 3886937, upload-time = "2025-07-18T13:02:20.017Z" }
wheels = [
    { url = "https://files.pythonhosted.org/packages/17/86/4846900f8b7f3dc7c2ec4e0bbd6bc4a4797f27443d3c9878ece5dfcb1446/ty-0.0.1a15-py3-none-linux_armv6l.whl", hash = "sha256:6110b5afee7ae1b0c8d00770eef4937ed0b700b823da04db04486bc661dc0f80", size = 7807444, upload-time = "2025-07-18T13:01:47.81Z" },
    { url = "https://files.pythonhosted.org/packages/e7/bd/b4ee15ffbf0fda9853aefb6cdfaa8d15a07af6ab1c6c874f7ad9adcdc2bd/ty-0.0.1a15-py3-none-macosx_10_12_x86_64.whl", hash = "sha256:855401e2fc1d4376f007ef7684dd9173e6a408adc2bc4610013f40c2a1d68d0f", size = 7913908, upload-time = "2025-07-18T13:01:50.877Z" },
    { url = "https://files.pythonhosted.org/packages/cb/5e/c37942782de2ed347ea24227fab61ad80383cee7f339af2be65a7732c4a9/ty-0.0.1a15-py3-none-macosx_11_0_arm64.whl", hash = "sha256:a20b21ea9683d92d541de4a534b68b4b595c2d04bf77be0ebfe05c9768ef47e7", size = 7526774, upload-time = "2025-07-18T13:01:52.403Z" },
    { url = "https://files.pythonhosted.org/packages/a4/11/8fa1eba381f2bc70eb8eccb2f93aa6f674b9578a1281cdf4984100de8009/ty-0.0.1a15-py3-none-manylinux_2_17_aarch64.manylinux2014_aarch64.whl", hash = "sha256:7648b0931177233e31d952723f068f2925696e464c436ed8bd820b775053474b", size = 7648872, upload-time = "2025-07-18T13:01:54.166Z" },
    { url = "https://files.pythonhosted.org/packages/2a/35/b12e34103638089848d58bb4a2813e9e77969fa7b4479212c9a263e7a176/ty-0.0.1a15-py3-none-manylinux_2_17_armv7l.manylinux2014_armv7l.whl", hash = "sha256:c9c6b70ae331585984b79a4574f28619d5ff755515b93b5454d04f5c521ca864", size = 7647674, upload-time = "2025-07-18T13:01:56.013Z" },
    { url = "https://files.pythonhosted.org/packages/2c/b9/c1d8c8e268fe46a65e77b8a61ef5e76ebf6ce5eec2beeb6a063ab23042fb/ty-0.0.1a15-py3-none-manylinux_2_17_i686.manylinux2014_i686.whl", hash = "sha256:38cae5d28b2882e66f4786825e87d500cfbb806c30bbcac745f20e459cf92482", size = 8470612, upload-time = "2025-07-18T13:01:57.526Z" },
    { url = "https://files.pythonhosted.org/packages/16/ba/c4a246026dbdd9f537d882aa51fa34e3a43288b493952724f71a59fb93cc/ty-0.0.1a15-py3-none-manylinux_2_17_ppc64.manylinux2014_ppc64.whl", hash = "sha256:1a8de6d3185afbf7cc199932d7fc508887e7ddad95a15c930efc4b5445eae6de", size = 8928257, upload-time = "2025-07-18T13:01:59.705Z" },
    { url = "https://files.pythonhosted.org/packages/e1/53/7958aa2a730fea926f992cd217f33363c9d0dd0cb688a7c9afa5d083863e/ty-0.0.1a15-py3-none-manylinux_2_17_ppc64le.manylinux2014_ppc64le.whl", hash = "sha256:d5a38db0c2ceb2f0c20241ef6a1a5b0996dad45532bb50661faf46f28b64b9f0", size = 8576435, upload-time = "2025-07-18T13:02:01.535Z" },
    { url = "https://files.pythonhosted.org/packages/e7/77/6b65b83e28d162951e72212f31a1f9fdf7d30023a37702cb35d451df9fb8/ty-0.0.1a15-py3-none-manylinux_2_17_s390x.manylinux2014_s390x.whl", hash = "sha256:0045fe7905813296fa821dad4aaabbe0f011ce34915fdfabf651db5b5f7b9d72", size = 8411987, upload-time = "2025-07-18T13:02:03.394Z" },
    { url = "https://files.pythonhosted.org/packages/40/2f/c58c08165edb2e13b5c10f81fa2fc3f9c576992e7abb2c56d636245a49f6/ty-0.0.1a15-py3-none-manylinux_2_17_x86_64.manylinux2014_x86_64.whl", hash = "sha256:32deff2b8b05e8a8b8bf0f48ca1eef72ec299b9cc546ef9aba7185a033de28b1", size = 8211299, upload-time = "2025-07-18T13:02:05.662Z" },
    { url = "https://files.pythonhosted.org/packages/0d/0b/959d4186d87fc99af7c0cb1c425d351d7204d4ed54638925c21915c338ba/ty-0.0.1a15-py3-none-musllinux_1_2_aarch64.whl", hash = "sha256:60c330a9f37b260ebdf7d3e7e05ec483fab15116f11317ffd76b0e09598038b0", size = 7550119, upload-time = "2025-07-18T13:02:07.804Z" },
    { url = "https://files.pythonhosted.org/packages/89/08/28b33a1125128f57b09a71d043e6ee06502c773ef0fab03fb54bd58dcfa4/ty-0.0.1a15-py3-none-musllinux_1_2_armv7l.whl", hash = "sha256:745355c15574d50229c3644e47bad1192e261faaf3a11870641b4902a8d9d8fe", size = 7672278, upload-time = "2025-07-18T13:02:09.339Z" },
    { url = "https://files.pythonhosted.org/packages/2b/ba/5569b0a1a90d302e0636718a73a7c3d7029cfa03670f6cc716a4ab318709/ty-0.0.1a15-py3-none-musllinux_1_2_i686.whl", hash = "sha256:07d53cb7c9c322be41dc79c373024422f6c6cd9e96f658e4b1b3289fe6130274", size = 8092872, upload-time = "2025-07-18T13:02:10.871Z" },
    { url = "https://files.pythonhosted.org/packages/2e/f2/a6e94b8b0189af49e871210b7244c4d49c5ac9cc1167f16dd0f28e026745/ty-0.0.1a15-py3-none-musllinux_1_2_x86_64.whl", hash = "sha256:26b28ed6e6ea80766fdd2608ea6e4daeb211e8de2b4b88376f574667bb90f489", size = 8278734, upload-time = "2025-07-18T13:02:13.059Z" },
    { url = "https://files.pythonhosted.org/packages/2e/ae/90d6008d3afe0762d089b5b363be62c3e19d9730c0b04f823448a56aa5fa/ty-0.0.1a15-py3-none-win32.whl", hash = "sha256:42f8d40aa30ef0c2187b70528151e740b74db47eb84a568fbc636c7294a1046e", size = 7390797, upload-time = "2025-07-18T13:02:14.898Z" },
    { url = "https://files.pythonhosted.org/packages/d4/14/fc292587c6e85e0b2584562c2cee26ece7c86e0679a690de86f53ad367bf/ty-0.0.1a15-py3-none-win_amd64.whl", hash = "sha256:2563111b072ea132443629a5fe0ec0cefed94c610cc694fc1bd2f48e179ca966", size = 7978840, upload-time = "2025-07-18T13:02:16.74Z" },
    { url = "https://files.pythonhosted.org/packages/24/e9/4d8c22801c7348ce79456c9c071914d94783c5f575ddddb30161b98a7c34/ty-0.0.1a15-py3-none-win_arm64.whl", hash = "sha256:9ea13096dda97437284b61915da92384d283cd096dbe730a3f63ee644721d2d5", size = 7561340, upload-time = "2025-07-18T13:02:18.629Z" },
]

[[package]]
name = "typing-extensions"
version = "4.12.2"
source = { registry = "https://pypi.org/simple" }
sdist = { url = "https://files.pythonhosted.org/packages/df/db/f35a00659bc03fec321ba8bce9420de607a1d37f8342eee1863174c69557/typing_extensions-4.12.2.tar.gz", hash = "sha256:1a7ead55c7e559dd4dee8856e3a88b41225abfe1ce8df57b7c13915fe121ffb8", size = 85321, upload-time = "2024-06-07T18:52:15.995Z" }
wheels = [
    { url = "https://files.pythonhosted.org/packages/26/9f/ad63fc0248c5379346306f8668cda6e2e2e9c95e01216d2b8ffd9ff037d0/typing_extensions-4.12.2-py3-none-any.whl", hash = "sha256:04e5ca0351e0f3f85c6853954072df659d0d13fac324d0072316b67d7794700d", size = 37438, upload-time = "2024-06-07T18:52:13.582Z" },
]

[[package]]
name = "virtualenv"
version = "20.29.3"
source = { registry = "https://pypi.org/simple" }
dependencies = [
    { name = "distlib" },
    { name = "filelock" },
    { name = "platformdirs" },
]
sdist = { url = "https://files.pythonhosted.org/packages/c7/9c/57d19fa093bcf5ac61a48087dd44d00655f85421d1aa9722f8befbf3f40a/virtualenv-20.29.3.tar.gz", hash = "sha256:95e39403fcf3940ac45bc717597dba16110b74506131845d9b687d5e73d947ac", size = 4320280, upload-time = "2025-03-06T19:54:19.055Z" }
wheels = [
    { url = "https://files.pythonhosted.org/packages/c2/eb/c6db6e3001d58c6a9e67c74bb7b4206767caa3ccc28c6b9eaf4c23fb4e34/virtualenv-20.29.3-py3-none-any.whl", hash = "sha256:3e3d00f5807e83b234dfb6122bf37cfadf4be216c53a49ac059d02414f819170", size = 4301458, upload-time = "2025-03-06T19:54:16.923Z" },
]
